{
  "requires": true,
  "lockfileVersion": 1,
  "dependencies": {
    "leader-line": {
      "version": "1.0.5",
      "resolved": "https://registry.npmjs.org/leader-line/-/leader-line-1.0.5.tgz",
      "integrity": "sha512-OHA4YmCO7LcvnQ9u4AWUrmuIzOE1/pxOzA2eHmb0DhtoKlEf0xiBm5aYtv77OmmMeW5xnbE1G6Hayp/vrtMOmw=="
    },
    "v-spotlight": {
      "version": "1.0.3"
    }
  }
}
